
Microsoft Visual Studio Solution File, Format Version 12.00
# Visual Studio 14
VisualStudioVersion = 14.0.24720.0
MinimumVisualStudioVersion = 10.0.40219.1
Project("{FAE04EC0-301F-11D3-BF4B-00C04F79EFBC}") = "echo", "echo.csproj", "{DCB924AE-357B-424F-9354-3D7E2F6BBF33}"
EndProject
Global
	GlobalSection(SolutionConfigurationPlatforms) = preSolution
		Debug|Any CPU = Debug|Any CPU
		Release|Any CPU = Release|Any CPU
	EndGlobalSection
	GlobalSection(ProjectConfigurationPlatforms) = postSolution
		{DCB924AE-357B-424F-9354-3D7E2F6BBF33}.Debug|Any CPU.ActiveCfg = Debug|Any CPU
		{DCB924AE-357B-424F-9354-3D7E2F6BBF33}.Debug|Any CPU.Build.0 = Debug|Any CPU
		{DCB924AE-357B-424F-9354-3D7E2F6BBF33}.Release|Any CPU.ActiveCfg = Release|Any CPU
		{DCB924AE-357B-424F-9354-3D7E2F6BBF33}.Release|Any CPU.Build.0 = Release|Any CPU
	EndGlobalSection
	GlobalSection(SolutionProperties) = preSolution
		HideSolutionNode = FALSE
	EndGlobalSection
EndGlobal
